
Microsoft Visual Studio Solution File, Format Version 12.00
# Visual Studio 14
VisualStudioVersion = 14.0.25420.1
MinimumVisualStudioVersion = 10.0.40219.1
Project("{FAE04EC0-301F-11D3-BF4B-00C04F79EFBC}") = "mywebservice", "mywebservice\mywebservice.csproj", "{D628894B-4AA4-4F57-8341-51450FFA45D8}"
EndProject
Project("{FAE04EC0-301F-11D3-BF4B-00C04F79EFBC}") = "Tests", "Tests\Tests.csproj", "{019E63EB-CF37-4680-909E-6E38A706CBE3}"
EndProject
Global
	GlobalSection(SolutionConfigurationPlatforms) = preSolution
		Debug|Any CPU = Debug|Any CPU
		Release|Any CPU = Release|Any CPU
	EndGlobalSection
	GlobalSection(ProjectConfigurationPlatforms) = postSolution
		{D628894B-4AA4-4F57-8341-51450FFA45D8}.Debug|Any CPU.ActiveCfg = Debug|Any CPU
		{D628894B-4AA4-4F57-8341-51450FFA45D8}.Debug|Any CPU.Build.0 = Debug|Any CPU
		{D628894B-4AA4-4F57-8341-51450FFA45D8}.Release|Any CPU.ActiveCfg = Release|Any CPU
		{D628894B-4AA4-4F57-8341-51450FFA45D8}.Release|Any CPU.Build.0 = Release|Any CPU
		{019E63EB-CF37-4680-909E-6E38A706CBE3}.Debug|Any CPU.ActiveCfg = Debug|Any CPU
		{019E63EB-CF37-4680-909E-6E38A706CBE3}.Debug|Any CPU.Build.0 = Debug|Any CPU
		{019E63EB-CF37-4680-909E-6E38A706CBE3}.Release|Any CPU.ActiveCfg = Release|Any CPU
		{019E63EB-CF37-4680-909E-6E38A706CBE3}.Release|Any CPU.Build.0 = Release|Any CPU
	EndGlobalSection
	GlobalSection(SolutionProperties) = preSolution
		HideSolutionNode = FALSE
	EndGlobalSection
EndGlobal
